
Microsoft Visual Studio Solution File, Format Version 12.00
# Visual Studio Version 16
VisualStudioVersion = 16.0.30621.155
MinimumVisualStudioVersion = 10.0.40219.1
Project("{FAE04EC0-301F-11D3-BF4B-00C04F79EFBC}") = "ArbolAVL", "ArbolAVL.csproj", "{92C1FBD0-F0AB-4153-AB30-2EBE2AADE559}"
EndProject
Global
	GlobalSection(SolutionConfigurationPlatforms) = preSolution
		Debug|Any CPU = Debug|Any CPU
		Release|Any CPU = Release|Any CPU
	EndGlobalSection
	GlobalSection(ProjectConfigurationPlatforms) = postSolution
		{92C1FBD0-F0AB-4153-AB30-2EBE2AADE559}.Debug|Any CPU.ActiveCfg = Debug|Any CPU
		{92C1FBD0-F0AB-4153-AB30-2EBE2AADE559}.Debug|Any CPU.Build.0 = Debug|Any CPU
		{92C1FBD0-F0AB-4153-AB30-2EBE2AADE559}.Release|Any CPU.ActiveCfg = Release|Any CPU
		{92C1FBD0-F0AB-4153-AB30-2EBE2AADE559}.Release|Any CPU.Build.0 = Release|Any CPU
	EndGlobalSection
	GlobalSection(SolutionProperties) = preSolution
		HideSolutionNode = FALSE
	EndGlobalSection
	GlobalSection(ExtensibilityGlobals) = postSolution
		SolutionGuid = {4BF6C8AB-CE55-4C50-A422-D6DD63A9F65A}
	EndGlobalSection
EndGlobal
